
Microsoft Visual Studio Solution File, Format Version 12.00
# Visual Studio 15
VisualStudioVersion = 15.0.28307.421
MinimumVisualStudioVersion = 10.0.40219.1
Project("{8BC9CEB8-8B4A-11D0-8D11-00A0C91BC942}") = "CSC 413 Greedy and Dynamic", "CSC 413 Greedy and Dynamic\CSC 413 Greedy and Dynamic.vcxproj", "{0094005C-5B91-4AB5-9F9B-7CA927113C46}"
EndProject
Global
	GlobalSection(SolutionConfigurationPlatforms) = preSolution
		Debug|x64 = Debug|x64
		Debug|x86 = Debug|x86
		Release|x64 = Release|x64
		Release|x86 = Release|x86
	EndGlobalSection
	GlobalSection(ProjectConfigurationPlatforms) = postSolution
		{0094005C-5B91-4AB5-9F9B-7CA927113C46}.Debug|x64.ActiveCfg = Debug|x64
		{0094005C-5B91-4AB5-9F9B-7CA927113C46}.Debug|x64.Build.0 = Debug|x64
		{0094005C-5B91-4AB5-9F9B-7CA927113C46}.Debug|x86.ActiveCfg = Debug|Win32
		{0094005C-5B91-4AB5-9F9B-7CA927113C46}.Debug|x86.Build.0 = Debug|Win32
		{0094005C-5B91-4AB5-9F9B-7CA927113C46}.Release|x64.ActiveCfg = Release|x64
		{0094005C-5B91-4AB5-9F9B-7CA927113C46}.Release|x64.Build.0 = Release|x64
		{0094005C-5B91-4AB5-9F9B-7CA927113C46}.Release|x86.ActiveCfg = Release|Win32
		{0094005C-5B91-4AB5-9F9B-7CA927113C46}.Release|x86.Build.0 = Release|Win32
	EndGlobalSection
	GlobalSection(SolutionProperties) = preSolution
		HideSolutionNode = FALSE
	EndGlobalSection
	GlobalSection(ExtensibilityGlobals) = postSolution
		SolutionGuid = {350B3A98-C415-43AA-9BD4-17D62D2D478E}
	EndGlobalSection
EndGlobal
